
Microsoft Visual Studio Solution File, Format Version 12.00
# Visual Studio 2012
Project("{FAE04EC0-301F-11D3-BF4B-00C04F79EFBC}") = "appGrid.Android", "appGrid.Android\appGrid.Android.csproj", "{65B78420-AE74-4EA2-9133-9D6BAC390607}"
EndProject
Project("{FAE04EC0-301F-11D3-BF4B-00C04F79EFBC}") = "appGrid.iOS", "appGrid.iOS\appGrid.iOS.csproj", "{366593B0-D800-41EE-8809-7182271253C4}"
EndProject
Project("{D954291E-2A0B-460D-934E-DC6B0785DB48}") = "appGrid", "appGrid\appGrid.shproj", "{39579A96-6ACE-484B-8155-33BB2923BB85}"
EndProject
Global
	GlobalSection(SolutionConfigurationPlatforms) = preSolution
		Debug|Any CPU = Debug|Any CPU
		Release|Any CPU = Release|Any CPU
		Debug|iPhoneSimulator = Debug|iPhoneSimulator
		Release|iPhoneSimulator = Release|iPhoneSimulator
		Debug|iPhone = Debug|iPhone
		Release|iPhone = Release|iPhone
		Ad-Hoc|iPhone = Ad-Hoc|iPhone
		AppStore|iPhone = AppStore|iPhone
	EndGlobalSection
	GlobalSection(ProjectConfigurationPlatforms) = postSolution
		{65B78420-AE74-4EA2-9133-9D6BAC390607}.Debug|Any CPU.ActiveCfg = Debug|Any CPU
		{65B78420-AE74-4EA2-9133-9D6BAC390607}.Debug|Any CPU.Build.0 = Debug|Any CPU
		{65B78420-AE74-4EA2-9133-9D6BAC390607}.Release|Any CPU.ActiveCfg = Release|Any CPU
		{65B78420-AE74-4EA2-9133-9D6BAC390607}.Release|Any CPU.Build.0 = Release|Any CPU
		{65B78420-AE74-4EA2-9133-9D6BAC390607}.Debug|iPhoneSimulator.ActiveCfg = Debug|Any CPU
		{65B78420-AE74-4EA2-9133-9D6BAC390607}.Debug|iPhoneSimulator.Build.0 = Debug|Any CPU
		{65B78420-AE74-4EA2-9133-9D6BAC390607}.Release|iPhoneSimulator.ActiveCfg = Release|Any CPU
		{65B78420-AE74-4EA2-9133-9D6BAC390607}.Release|iPhoneSimulator.Build.0 = Release|Any CPU
		{65B78420-AE74-4EA2-9133-9D6BAC390607}.Debug|iPhone.ActiveCfg = Debug|Any CPU
		{65B78420-AE74-4EA2-9133-9D6BAC390607}.Debug|iPhone.Build.0 = Debug|Any CPU
		{65B78420-AE74-4EA2-9133-9D6BAC390607}.Release|iPhone.ActiveCfg = Release|Any CPU
		{65B78420-AE74-4EA2-9133-9D6BAC390607}.Release|iPhone.Build.0 = Release|Any CPU
		{65B78420-AE74-4EA2-9133-9D6BAC390607}.Ad-Hoc|iPhone.ActiveCfg = Debug|Any CPU
		{65B78420-AE74-4EA2-9133-9D6BAC390607}.Ad-Hoc|iPhone.Build.0 = Debug|Any CPU
		{65B78420-AE74-4EA2-9133-9D6BAC390607}.AppStore|iPhone.ActiveCfg = Debug|Any CPU
		{65B78420-AE74-4EA2-9133-9D6BAC390607}.AppStore|iPhone.Build.0 = Debug|Any CPU
		{366593B0-D800-41EE-8809-7182271253C4}.Debug|Any CPU.ActiveCfg = Debug|iPhoneSimulator
		{366593B0-D800-41EE-8809-7182271253C4}.Debug|Any CPU.Build.0 = Debug|iPhoneSimulator
		{366593B0-D800-41EE-8809-7182271253C4}.Release|Any CPU.ActiveCfg = Release|iPhoneSimulator
		{366593B0-D800-41EE-8809-7182271253C4}.Release|Any CPU.Build.0 = Release|iPhoneSimulator
		{366593B0-D800-41EE-8809-7182271253C4}.Debug|iPhoneSimulator.ActiveCfg = Debug|iPhoneSimulator
		{366593B0-D800-41EE-8809-7182271253C4}.Debug|iPhoneSimulator.Build.0 = Debug|iPhoneSimulator
		{366593B0-D800-41EE-8809-7182271253C4}.Release|iPhoneSimulator.ActiveCfg = Release|iPhoneSimulator
		{366593B0-D800-41EE-8809-7182271253C4}.Release|iPhoneSimulator.Build.0 = Release|iPhoneSimulator
		{366593B0-D800-41EE-8809-7182271253C4}.Debug|iPhone.ActiveCfg = Debug|iPhone
		{366593B0-D800-41EE-8809-7182271253C4}.Debug|iPhone.Build.0 = Debug|iPhone
		{366593B0-D800-41EE-8809-7182271253C4}.Release|iPhone.ActiveCfg = Release|iPhone
		{366593B0-D800-41EE-8809-7182271253C4}.Release|iPhone.Build.0 = Release|iPhone
		{366593B0-D800-41EE-8809-7182271253C4}.Ad-Hoc|iPhone.ActiveCfg = Ad-Hoc|iPhone
		{366593B0-D800-41EE-8809-7182271253C4}.Ad-Hoc|iPhone.Build.0 = Ad-Hoc|iPhone
		{366593B0-D800-41EE-8809-7182271253C4}.AppStore|iPhone.ActiveCfg = AppStore|iPhone
		{366593B0-D800-41EE-8809-7182271253C4}.AppStore|iPhone.Build.0 = AppStore|iPhone
	EndGlobalSection
EndGlobal
